// !$*UTF8*$!
{
	archiveVersion = 1;
	classes = {
	};
	objectVersion = 56;
	objects = {

/* Begin PBXBuildFile section */
		A00000000000000000000001 /* VaultUpApp.swift in Sources */ = {isa = PBXBuildFile; fileRef = B00000000000000000000001 /* VaultUpApp.swift */; };
		A00000000000000000000002 /* Models.swift in Sources */ = {isa = PBXBuildFile; fileRef = B00000000000000000000002 /* Models.swift */; };
		A00000000000000000000003 /* NetworkManager.swift in Sources */ = {isa = PBXBuildFile; fileRef = B00000000000000000000003 /* NetworkManager.swift */; };
		A00000000000000000000004 /* HomeView.swift in Sources */ = {isa = PBXBuildFile; fileRef = B00000000000000000000004 /* HomeView.swift */; };
		A00000000000000000000005 /* VaultsView.swift in Sources */ = {isa = PBXBuildFile; fileRef = B00000000000000000000005 /* VaultsView.swift */; };
		A00000000000000000000006 /* PaymentView.swift in Sources */ = {isa = PBXBuildFile; fileRef = B00000000000000000000006 /* PaymentView.swift */; };
		A00000000000000000000007 /* SettingsView.swift in Sources */ = {isa = PBXBuildFile; fileRef = B00000000000000000000007 /* SettingsView.swift */; };
		A00000000000000000000010 /* Theme.swift in Sources */ = {isa = PBXBuildFile; fileRef = B00000000000000000000010 /* Theme.swift */; };
		A00000000000000000000011 /* VaultDetailView.swift in Sources */ = {isa = PBXBuildFile; fileRef = B00000000000000000000011 /* VaultDetailView.swift */; };
		A00000000000000000000012 /* TransactionHistoryView.swift in Sources */ = {isa = PBXBuildFile; fileRef = B00000000000000000000012 /* TransactionHistoryView.swift */; };
/* End PBXBuildFile section */

/* Begin PBXFileReference section */
		B00000000000000000000001 /* VaultUpApp.swift */ = {isa = PBXFileReference; lastKnownFileType = sourcecode.swift; path = VaultUpApp.swift; sourceTree = "<group>"; };
		B00000000000000000000002 /* Models.swift */ = {isa = PBXFileReference; lastKnownFileType = sourcecode.swift; path = Models.swift; sourceTree = "<group>"; };
		B00000000000000000000003 /* NetworkManager.swift */ = {isa = PBXFileReference; lastKnownFileType = sourcecode.swift; path = NetworkManager.swift; sourceTree = "<group>"; };
		B00000000000000000000004 /* HomeView.swift */ = {isa = PBXFileReference; lastKnownFileType = sourcecode.swift; path = HomeView.swift; sourceTree = "<group>"; };
		B00000000000000000000005 /* VaultsView.swift */ = {isa = PBXFileReference; lastKnownFileType = sourcecode.swift; path = VaultsView.swift; sourceTree = "<group>"; };
		B00000000000000000000006 /* PaymentView.swift */ = {isa = PBXFileReference; lastKnownFileType = sourcecode.swift; path = PaymentView.swift; sourceTree = "<group>"; };
		B00000000000000000000007 /* SettingsView.swift */ = {isa = PBXFileReference; lastKnownFileType = sourcecode.swift; path = SettingsView.swift; sourceTree = "<group>"; };
		B00000000000000000000008 /* VaultUp.app */ = {isa = PBXFileReference; explicitFileType = wrapper.application; includeInIndex = 0; path = VaultUp.app; sourceTree = BUILT_PRODUCTS_DIR; };
		B00000000000000000000010 /* Theme.swift */ = {isa = PBXFileReference; lastKnownFileType = sourcecode.swift; path = Theme.swift; sourceTree = "<group>"; };
		B00000000000000000000011 /* VaultDetailView.swift */ = {isa = PBXFileReference; lastKnownFileType = sourcecode.swift; path = VaultDetailView.swift; sourceTree = "<group>"; };
		B00000000000000000000012 /* TransactionHistoryView.swift */ = {isa = PBXFileReference; lastKnownFileType = sourcecode.swift; path = TransactionHistoryView.swift; sourceTree = "<group>"; };
/* End PBXFileReference section */

/* Begin PBXFrameworksBuildPhase section */
		C00000000000000000000001 /* Frameworks */ = {isa = PBXFrameworksBuildPhase; buildActionMask = 2147483647; files = ( ); runOnlyForDeploymentPostprocessing = 0; };
/* End PBXFrameworksBuildPhase section */

/* Begin PBXGroup section */
		D00000000000000000000001 = {isa = PBXGroup; children = (D00000000000000000000002, D00000000000000000000003,); sourceTree = "<group>"; };
		D00000000000000000000002 /* VaultUp */ = {isa = PBXGroup; children = (B00000000000000000000001, B00000000000000000000002, B00000000000000000000003, B00000000000000000000004, B00000000000000000000005, B00000000000000000000006, B00000000000000000000007, B00000000000000000000010, B00000000000000000000011, B00000000000000000000012,); path = VaultUp; sourceTree = "<group>"; };
		D00000000000000000000003 /* Products */ = {isa = PBXGroup; children = (B00000000000000000000008,); name = Products; sourceTree = "<group>"; };
/* End PBXGroup section */

/* Begin PBXNativeTarget section */
		E00000000000000000000001 /* VaultUp */ = {isa = PBXNativeTarget; buildConfigurationList = F00000000000000000000002 /* Build configuration list for PBXNativeTarget "VaultUp" */; buildPhases = (C00000000000000000000002, C00000000000000000000001,); buildRules = ( ); dependencies = ( ); name = VaultUp; productName = VaultUp; productReference = B00000000000000000000008 /* VaultUp.app */; productType = "com.apple.product-type.application"; };
/* End PBXNativeTarget section */

/* Begin PBXProject section */
		E00000000000000000000002 /* Project object */ = {isa = PBXProject; attributes = { LastUpgradeCheck = 2660; ORGANIZATIONNAME = VaultUp; TargetAttributes = { E00000000000000000000001 = { CreatedOnToolsVersion = 26.6; }; }; }; buildConfigurationList = F00000000000000000000001 /* Build configuration list for PBXProject "VaultUp" */; compatibilityVersion = "Xcode 14.0"; developmentRegion = en; hasScannedForEncodings = 0; knownRegions = ( en, Base, ); mainGroup = D00000000000000000000001; productRefGroup = D00000000000000000000003 /* Products */; projectDirPath = ""; projectRoot = ""; targets = ( E00000000000000000000001 /* VaultUp */, ); };
/* End PBXProject section */

/* Begin PBXResourcesBuildPhase section */
		C00000000000000000000002 /* Sources */ = {isa = PBXSourcesBuildPhase; buildActionMask = 2147483647; files = ( A00000000000000000000001, A00000000000000000000002, A00000000000000000000003, A00000000000000000000004, A00000000000000000000005, A00000000000000000000006, A00000000000000000000007, A00000000000000000000010, A00000000000000000000011, A00000000000000000000012, ); runOnlyForDeploymentPostprocessing = 0; };
/* End PBXResourcesBuildPhase section */

/* Begin XCBuildConfiguration section */
		F00000000000000000000003 /* Debug */ = {isa = XCBuildConfiguration; buildSettings = { ALWAYS_SEARCH_USER_PATHS = NO; ASSETCATALOG_COMPILER_GLOBAL_ACCENT_COLOR_NAME = AccentColor; CLANG_ENABLE_MODULES = YES; CODE_SIGNING_ALLOWED = NO; CURRENT_PROJECT_VERSION = 1; DEVELOPMENT_TEAM = ""; INFOPLIST_FILE = VaultUp/Info.plist; IPHONEOS_DEPLOYMENT_TARGET = 16.0; LD_RUNPATH_SEARCH_PATHS = ( "$(inherited)", "@executable_path/Frameworks", ); PRODUCT_BUNDLE_IDENTIFIER = com.vaultup.app; PRODUCT_NAME = "$(TARGET_NAME)"; SDKROOT = iphoneos; SUPPORTED_PLATFORMS = "iphonesimulator iphoneos"; SWIFT_VERSION = 5.0; TARGETED_DEVICE_FAMILY = "1,2"; }; name = Debug; };
		F00000000000000000000004 /* Release */ = {isa = XCBuildConfiguration; buildSettings = { ALWAYS_SEARCH_USER_PATHS = NO; ASSETCATALOG_COMPILER_GLOBAL_ACCENT_COLOR_NAME = AccentColor; CLANG_ENABLE_MODULES = YES; CODE_SIGNING_ALLOWED = NO; CURRENT_PROJECT_VERSION = 1; DEVELOPMENT_TEAM = ""; INFOPLIST_FILE = VaultUp/Info.plist; IPHONEOS_DEPLOYMENT_TARGET = 16.0; LD_RUNPATH_SEARCH_PATHS = ( "$(inherited)", "@executable_path/Frameworks", ); PRODUCT_BUNDLE_IDENTIFIER = com.vaultup.app; PRODUCT_NAME = "$(TARGET_NAME)"; SDKROOT = iphoneos; SUPPORTED_PLATFORMS = "iphonesimulator iphoneos"; SWIFT_VERSION = 5.0; TARGETED_DEVICE_FAMILY = "1,2"; }; name = Release; };
		F00000000000000000000005 /* Debug */ = {isa = XCBuildConfiguration; buildSettings = { ALWAYS_SEARCH_USER_PATHS = NO; CLANG_ENABLE_MODULES = YES; CODE_SIGNING_ALLOWED = NO; DEVELOPMENT_TEAM = ""; }; name = Debug; };
		F00000000000000000000006 /* Release */ = {isa = XCBuildConfiguration; buildSettings = { ALWAYS_SEARCH_USER_PATHS = NO; CLANG_ENABLE_MODULES = YES; CODE_SIGNING_ALLOWED = NO; DEVELOPMENT_TEAM = ""; }; name = Release; };
/* End XCBuildConfiguration section */

/* Begin XCConfigurationList section */
		F00000000000000000000001 /* Build configuration list for PBXProject "VaultUp" */ = {isa = XCConfigurationList; buildConfigurations = (F00000000000000000000005, F00000000000000000000006,); defaultConfigurationIsVisible = 0; defaultConfigurationName = Release; };
		F00000000000000000000002 /* Build configuration list for PBXNativeTarget "VaultUp" */ = {isa = XCConfigurationList; buildConfigurations = (F00000000000000000000003, F00000000000000000000004,); defaultConfigurationIsVisible = 0; defaultConfigurationName = Release; };
/* End XCConfigurationList section */
	};
	rootObject = E00000000000000000000002 /* Project object */;
}
